
Microsoft Visual Studio Solution File, Format Version 12.00
# Visual Studio 15
VisualStudioVersion = 15.0.28307.779
MinimumVisualStudioVersion = 10.0.40219.1
Project("{FAE04EC0-301F-11D3-BF4B-00C04F79EFBC}") = "FociFRAPnorm_dragonfly", "FociFRAPnorm_dragonfly\FociFRAPnorm_dragonfly.csproj", "{5B2F1B96-0D2F-463C-92FA-BB810A6620FF}"
EndProject
Global
	GlobalSection(SolutionConfigurationPlatforms) = preSolution
		Debug|Any CPU = Debug|Any CPU
		Release|Any CPU = Release|Any CPU
	EndGlobalSection
	GlobalSection(ProjectConfigurationPlatforms) = postSolution
		{5B2F1B96-0D2F-463C-92FA-BB810A6620FF}.Debug|Any CPU.ActiveCfg = Debug|Any CPU
		{5B2F1B96-0D2F-463C-92FA-BB810A6620FF}.Debug|Any CPU.Build.0 = Debug|Any CPU
		{5B2F1B96-0D2F-463C-92FA-BB810A6620FF}.Release|Any CPU.ActiveCfg = Release|Any CPU
		{5B2F1B96-0D2F-463C-92FA-BB810A6620FF}.Release|Any CPU.Build.0 = Release|Any CPU
	EndGlobalSection
	GlobalSection(SolutionProperties) = preSolution
		HideSolutionNode = FALSE
	EndGlobalSection
	GlobalSection(ExtensibilityGlobals) = postSolution
		SolutionGuid = {CE5AA17E-CBE4-4A8A-A153-9FCDDC987DBB}
	EndGlobalSection
EndGlobal
